
Microsoft Visual Studio Solution File, Format Version 12.00
# Visual Studio Version 17
VisualStudioVersion = 17.0.31903.59
MinimumVisualStudioVersion = 10.0.40219.1
Project("{FAE04EC0-301F-11D3-BF4B-00C04F79EFBC}") = "BDOLanguageUpdater.Service", "BDOLanguageUpdater.Service\BDOLanguageUpdater.Service.csproj", "{ECD960E6-5E3F-49EB-B8C7-28F487508E22}"
EndProject
Project("{FAE04EC0-301F-11D3-BF4B-00C04F79EFBC}") = "BDOLanguageUpdater.WPF", "BDOLanguageUpdater.WPF\BDOLanguageUpdater.WPF.csproj", "{E23FA899-E430-433F-B7F4-14E54C458B57}"
EndProject
Project("{FAE04EC0-301F-11D3-BF4B-00C04F79EFBC}") = "BDOLanguageUpdater.ShortcutGenerator", "BDOLanguageUpdater.ShortcutGenerator\BDOLanguageUpdater.ShortcutGenerator.csproj", "{2C412198-C6C0-4E65-AE78-E0C5FBA4E9D0}"
EndProject
Global
	GlobalSection(SolutionConfigurationPlatforms) = preSolution
		Debug|Any CPU = Debug|Any CPU
		Release|Any CPU = Release|Any CPU
	EndGlobalSection
	GlobalSection(SolutionProperties) = preSolution
		HideSolutionNode = FALSE
	EndGlobalSection
	GlobalSection(ProjectConfigurationPlatforms) = postSolution
		{ECD960E6-5E3F-49EB-B8C7-28F487508E22}.Debug|Any CPU.ActiveCfg = Debug|Any CPU
		{ECD960E6-5E3F-49EB-B8C7-28F487508E22}.Debug|Any CPU.Build.0 = Debug|Any CPU
		{ECD960E6-5E3F-49EB-B8C7-28F487508E22}.Release|Any CPU.ActiveCfg = Release|Any CPU
		{ECD960E6-5E3F-49EB-B8C7-28F487508E22}.Release|Any CPU.Build.0 = Release|Any CPU
		{E23FA899-E430-433F-B7F4-14E54C458B57}.Debug|Any CPU.ActiveCfg = Debug|Any CPU
		{E23FA899-E430-433F-B7F4-14E54C458B57}.Debug|Any CPU.Build.0 = Debug|Any CPU
		{E23FA899-E430-433F-B7F4-14E54C458B57}.Release|Any CPU.ActiveCfg = Release|Any CPU
		{E23FA899-E430-433F-B7F4-14E54C458B57}.Release|Any CPU.Build.0 = Release|Any CPU
		{2C412198-C6C0-4E65-AE78-E0C5FBA4E9D0}.Debug|Any CPU.ActiveCfg = Debug|Any CPU
		{2C412198-C6C0-4E65-AE78-E0C5FBA4E9D0}.Debug|Any CPU.Build.0 = Debug|Any CPU
		{2C412198-C6C0-4E65-AE78-E0C5FBA4E9D0}.Release|Any CPU.ActiveCfg = Release|Any CPU
		{2C412198-C6C0-4E65-AE78-E0C5FBA4E9D0}.Release|Any CPU.Build.0 = Release|Any CPU
	EndGlobalSection
EndGlobal
