
Microsoft Visual Studio Solution File, Format Version 12.00
Project("{FAE04EC0-301F-11D3-BF4B-00C04F79EFBC}") = "BDOLanguageUpdater.Service", "BDOLanguageUpdater.Service\BDOLanguageUpdater.Service.csproj", "{41153EA0-D09B-4984-948F-A4ACCC52EF05}"
EndProject
Project("{FAE04EC0-301F-11D3-BF4B-00C04F79EFBC}") = "BDOLanguageUpdater.ShortcutGenerator", "BDOLanguageUpdater.ShortcutGenerator\BDOLanguageUpdater.ShortcutGenerator.csproj", "{D6161804-28AF-4ECB-82DD-63E2DE4A0C4C}"
EndProject
Project("{FAE04EC0-301F-11D3-BF4B-00C04F79EFBC}") = "BDOLanguageUpdater.Tests", "BDOLanguageUpdater.Tests\BDOLanguageUpdater.Tests.csproj", "{B6BC35FF-AEF1-4A2A-A36D-AFEB3458C665}"
EndProject
Project("{FAE04EC0-301F-11D3-BF4B-00C04F79EFBC}") = "BDOLanguageUpdater.WPF", "BDOLanguageUpdater.WPF\BDOLanguageUpdater.WPF.csproj", "{DEC54B3B-B21A-4E92-8D03-F73CEFB33A20}"
EndProject
Global
	GlobalSection(SolutionConfigurationPlatforms) = preSolution
		Debug|Any CPU = Debug|Any CPU
		Release|Any CPU = Release|Any CPU
	EndGlobalSection
	GlobalSection(ProjectConfigurationPlatforms) = postSolution
		{41153EA0-D09B-4984-948F-A4ACCC52EF05}.Debug|Any CPU.ActiveCfg = Debug|Any CPU
		{41153EA0-D09B-4984-948F-A4ACCC52EF05}.Debug|Any CPU.Build.0 = Debug|Any CPU
		{41153EA0-D09B-4984-948F-A4ACCC52EF05}.Release|Any CPU.ActiveCfg = Release|Any CPU
		{41153EA0-D09B-4984-948F-A4ACCC52EF05}.Release|Any CPU.Build.0 = Release|Any CPU
		{D6161804-28AF-4ECB-82DD-63E2DE4A0C4C}.Debug|Any CPU.ActiveCfg = Debug|Any CPU
		{D6161804-28AF-4ECB-82DD-63E2DE4A0C4C}.Debug|Any CPU.Build.0 = Debug|Any CPU
		{D6161804-28AF-4ECB-82DD-63E2DE4A0C4C}.Release|Any CPU.ActiveCfg = Release|Any CPU
		{D6161804-28AF-4ECB-82DD-63E2DE4A0C4C}.Release|Any CPU.Build.0 = Release|Any CPU
		{B6BC35FF-AEF1-4A2A-A36D-AFEB3458C665}.Debug|Any CPU.ActiveCfg = Debug|Any CPU
		{B6BC35FF-AEF1-4A2A-A36D-AFEB3458C665}.Debug|Any CPU.Build.0 = Debug|Any CPU
		{B6BC35FF-AEF1-4A2A-A36D-AFEB3458C665}.Release|Any CPU.ActiveCfg = Release|Any CPU
		{B6BC35FF-AEF1-4A2A-A36D-AFEB3458C665}.Release|Any CPU.Build.0 = Release|Any CPU
		{DEC54B3B-B21A-4E92-8D03-F73CEFB33A20}.Debug|Any CPU.ActiveCfg = Debug|Any CPU
		{DEC54B3B-B21A-4E92-8D03-F73CEFB33A20}.Debug|Any CPU.Build.0 = Debug|Any CPU
		{DEC54B3B-B21A-4E92-8D03-F73CEFB33A20}.Release|Any CPU.ActiveCfg = Release|Any CPU
		{DEC54B3B-B21A-4E92-8D03-F73CEFB33A20}.Release|Any CPU.Build.0 = Release|Any CPU
	EndGlobalSection
EndGlobal
